
Microsoft Visual Studio Solution File, Format Version 12.00
# Visual Studio Version 17
VisualStudioVersion = 17.2.32630.192
MinimumVisualStudioVersion = 10.0.40219.1
Project("{2150E333-8FDC-42A3-9474-1A3956D46DE8}") = "Source", "Source", "{ED9AF8BE-67CD-4EC0-BC06-C86EB37CBC07}"
EndProject
Project("{2150E333-8FDC-42A3-9474-1A3956D46DE8}") = "Application Layer", "Application Layer", "{2D18F8DF-9073-4740-BA14-58545E549085}"
EndProject
Project("{2150E333-8FDC-42A3-9474-1A3956D46DE8}") = "Domain Layer", "Domain Layer", "{35A415C1-85B2-4FD0-B33A-F013720F7B3D}"
EndProject
Project("{2150E333-8FDC-42A3-9474-1A3956D46DE8}") = "Persistence Layer", "Persistence Layer", "{19386EE3-6ADD-42F0-9D1B-78AB28319542}"
EndProject
Project("{2150E333-8FDC-42A3-9474-1A3956D46DE8}") = "Presentation Layer", "Presentation Layer", "{F648339A-2330-455E-8DF7-64C2B0DE3C95}"
EndProject
Project("{2150E333-8FDC-42A3-9474-1A3956D46DE8}") = "Services Layer", "Services Layer", "{509ACF15-6863-4213-8446-9B25F24719EB}"
EndProject
Project("{2150E333-8FDC-42A3-9474-1A3956D46DE8}") = "Testing", "Testing", "{BBB27864-D15F-45D7-9763-B9AAD43A0649}"
EndProject
Project("{2150E333-8FDC-42A3-9474-1A3956D46DE8}") = "Transversal Layer", "Transversal Layer", "{AE6FEE49-2E3B-4B3C-A8CE-495A5A197066}"
EndProject
Project("{9A19103F-16F7-4668-BE54-9A1E7A4F7556}") = "BCP.ExchangeRate.BusinessLogic", "BCP.ExchangeRate.BusinessLogic\BCP.ExchangeRate.BusinessLogic.csproj", "{A6A3CD73-99DD-44B4-BB70-6C859F741BB3}"
EndProject
Project("{9A19103F-16F7-4668-BE54-9A1E7A4F7556}") = "BCP.ExchangeRate.Domain", "BCP.ExchangeRate.Domain\BCP.ExchangeRate.Domain.csproj", "{6C246EC0-3B18-48A8-9168-243409137975}"
EndProject
Project("{9A19103F-16F7-4668-BE54-9A1E7A4F7556}") = "BCP.ExchangeRate.Repository", "BCP.ExchangeRate.Repository\BCP.ExchangeRate.Repository.csproj", "{971E12D6-FFB9-491D-9E0C-3C579FB54FC4}"
EndProject
Project("{9A19103F-16F7-4668-BE54-9A1E7A4F7556}") = "BCP.ExchangeRate.Repository.Redis", "BCP.ExchangeRate.Repository.SqlServer\BCP.ExchangeRate.Repository.Redis.csproj", "{C892E6D2-450A-43B6-8D27-C7DADBF04309}"
EndProject
Project("{9A19103F-16F7-4668-BE54-9A1E7A4F7556}") = "BCP.ExchangeRate.WebAPI", "BCP.ExchangeRate.WebAPI\BCP.ExchangeRate.WebAPI.csproj", "{9C6762A9-3BEE-4AF6-8FE0-89A65BFB981B}"
EndProject
Project("{9A19103F-16F7-4668-BE54-9A1E7A4F7556}") = "BCP.ExchangeRate.Test", "BCP.ExchangeRate.Test\BCP.ExchangeRate.Test.csproj", "{A4C892C0-2AC6-43E9-885E-3DAC60E528D1}"
EndProject
Project("{9A19103F-16F7-4668-BE54-9A1E7A4F7556}") = "BCP.ExchangeRate.Common", "BCP.ExchangeRate.Common\BCP.ExchangeRate.Common.csproj", "{B902AF61-E862-4C5A-B036-34672D56A524}"
EndProject
Global
	GlobalSection(SolutionConfigurationPlatforms) = preSolution
		Debug|Any CPU = Debug|Any CPU
		Release|Any CPU = Release|Any CPU
	EndGlobalSection
	GlobalSection(ProjectConfigurationPlatforms) = postSolution
		{A6A3CD73-99DD-44B4-BB70-6C859F741BB3}.Debug|Any CPU.ActiveCfg = Debug|Any CPU
		{A6A3CD73-99DD-44B4-BB70-6C859F741BB3}.Debug|Any CPU.Build.0 = Debug|Any CPU
		{A6A3CD73-99DD-44B4-BB70-6C859F741BB3}.Release|Any CPU.ActiveCfg = Release|Any CPU
		{A6A3CD73-99DD-44B4-BB70-6C859F741BB3}.Release|Any CPU.Build.0 = Release|Any CPU
		{6C246EC0-3B18-48A8-9168-243409137975}.Debug|Any CPU.ActiveCfg = Debug|Any CPU
		{6C246EC0-3B18-48A8-9168-243409137975}.Debug|Any CPU.Build.0 = Debug|Any CPU
		{6C246EC0-3B18-48A8-9168-243409137975}.Release|Any CPU.ActiveCfg = Release|Any CPU
		{6C246EC0-3B18-48A8-9168-243409137975}.Release|Any CPU.Build.0 = Release|Any CPU
		{971E12D6-FFB9-491D-9E0C-3C579FB54FC4}.Debug|Any CPU.ActiveCfg = Debug|Any CPU
		{971E12D6-FFB9-491D-9E0C-3C579FB54FC4}.Debug|Any CPU.Build.0 = Debug|Any CPU
		{971E12D6-FFB9-491D-9E0C-3C579FB54FC4}.Release|Any CPU.ActiveCfg = Release|Any CPU
		{971E12D6-FFB9-491D-9E0C-3C579FB54FC4}.Release|Any CPU.Build.0 = Release|Any CPU
		{C892E6D2-450A-43B6-8D27-C7DADBF04309}.Debug|Any CPU.ActiveCfg = Debug|Any CPU
		{C892E6D2-450A-43B6-8D27-C7DADBF04309}.Debug|Any CPU.Build.0 = Debug|Any CPU
		{C892E6D2-450A-43B6-8D27-C7DADBF04309}.Release|Any CPU.ActiveCfg = Release|Any CPU
		{C892E6D2-450A-43B6-8D27-C7DADBF04309}.Release|Any CPU.Build.0 = Release|Any CPU
		{9C6762A9-3BEE-4AF6-8FE0-89A65BFB981B}.Debug|Any CPU.ActiveCfg = Debug|Any CPU
		{9C6762A9-3BEE-4AF6-8FE0-89A65BFB981B}.Debug|Any CPU.Build.0 = Debug|Any CPU
		{9C6762A9-3BEE-4AF6-8FE0-89A65BFB981B}.Release|Any CPU.ActiveCfg = Release|Any CPU
		{9C6762A9-3BEE-4AF6-8FE0-89A65BFB981B}.Release|Any CPU.Build.0 = Release|Any CPU
		{A4C892C0-2AC6-43E9-885E-3DAC60E528D1}.Debug|Any CPU.ActiveCfg = Debug|Any CPU
		{A4C892C0-2AC6-43E9-885E-3DAC60E528D1}.Debug|Any CPU.Build.0 = Debug|Any CPU
		{A4C892C0-2AC6-43E9-885E-3DAC60E528D1}.Release|Any CPU.ActiveCfg = Release|Any CPU
		{A4C892C0-2AC6-43E9-885E-3DAC60E528D1}.Release|Any CPU.Build.0 = Release|Any CPU
		{B902AF61-E862-4C5A-B036-34672D56A524}.Debug|Any CPU.ActiveCfg = Debug|Any CPU
		{B902AF61-E862-4C5A-B036-34672D56A524}.Debug|Any CPU.Build.0 = Debug|Any CPU
		{B902AF61-E862-4C5A-B036-34672D56A524}.Release|Any CPU.ActiveCfg = Release|Any CPU
		{B902AF61-E862-4C5A-B036-34672D56A524}.Release|Any CPU.Build.0 = Release|Any CPU
	EndGlobalSection
	GlobalSection(SolutionProperties) = preSolution
		HideSolutionNode = FALSE
	EndGlobalSection
	GlobalSection(NestedProjects) = preSolution
		{2D18F8DF-9073-4740-BA14-58545E549085} = {ED9AF8BE-67CD-4EC0-BC06-C86EB37CBC07}
		{35A415C1-85B2-4FD0-B33A-F013720F7B3D} = {ED9AF8BE-67CD-4EC0-BC06-C86EB37CBC07}
		{19386EE3-6ADD-42F0-9D1B-78AB28319542} = {ED9AF8BE-67CD-4EC0-BC06-C86EB37CBC07}
		{F648339A-2330-455E-8DF7-64C2B0DE3C95} = {ED9AF8BE-67CD-4EC0-BC06-C86EB37CBC07}
		{509ACF15-6863-4213-8446-9B25F24719EB} = {ED9AF8BE-67CD-4EC0-BC06-C86EB37CBC07}
		{BBB27864-D15F-45D7-9763-B9AAD43A0649} = {ED9AF8BE-67CD-4EC0-BC06-C86EB37CBC07}
		{AE6FEE49-2E3B-4B3C-A8CE-495A5A197066} = {ED9AF8BE-67CD-4EC0-BC06-C86EB37CBC07}
		{A6A3CD73-99DD-44B4-BB70-6C859F741BB3} = {2D18F8DF-9073-4740-BA14-58545E549085}
		{6C246EC0-3B18-48A8-9168-243409137975} = {35A415C1-85B2-4FD0-B33A-F013720F7B3D}
		{971E12D6-FFB9-491D-9E0C-3C579FB54FC4} = {19386EE3-6ADD-42F0-9D1B-78AB28319542}
		{C892E6D2-450A-43B6-8D27-C7DADBF04309} = {19386EE3-6ADD-42F0-9D1B-78AB28319542}
		{9C6762A9-3BEE-4AF6-8FE0-89A65BFB981B} = {F648339A-2330-455E-8DF7-64C2B0DE3C95}
		{A4C892C0-2AC6-43E9-885E-3DAC60E528D1} = {BBB27864-D15F-45D7-9763-B9AAD43A0649}
		{B902AF61-E862-4C5A-B036-34672D56A524} = {AE6FEE49-2E3B-4B3C-A8CE-495A5A197066}
	EndGlobalSection
	GlobalSection(ExtensibilityGlobals) = postSolution
		SolutionGuid = {5F8E3A3F-0920-44C3-9409-3472188B4379}
	EndGlobalSection
EndGlobal
